<?xml version="1.0" encoding="utf-8"?>
<Project ToolsVersion="4.0" xmlns="http://schemas.microsoft.com/developer/msbuild/2003">
  <ItemGroup>
    <Filter Include="Maps">
      <UniqueIdentifier>{ca38a90d-e0c2-43cb-84f4-3492d4693f17}</UniqueIdentifier>
    </Filter>
    <Filter Include="Maps\Source Files">
      <UniqueIdentifier>{dd68b4c5-41da-4e9d-b064-4ae065e3ccef}</UniqueIdentifier>
    </Filter>
    <Filter Include="Entity">
      <UniqueIdentifier>{05994364-9d20-405c-8c14-2757dfa1104b}</UniqueIdentifier>
    </Filter>
    <Filter Include="Entity\Source Files">
      <UniqueIdentifier>{0e8edd8a-2878-4e33-9aa8-bcf3b46137d4}</UniqueIdentifier>
    </Filter>
    <Filter Include="Entity\Header Files">
      <UniqueIdentifier>{93995380-89BD-4b04-88EB-625FBE52EBFB}</UniqueIdentifier>
      <Extensions>h;hpp;hxx;hm;inl;inc;xsd</Extensions>
    </Filter>
    <Filter Include="Entity\Components">
      <UniqueIdentifier>{e9ceafce-bc53-40d2-a4a3-6ebdb6c987aa}</UniqueIdentifier>
    </Filter>
    <Filter Include="Entity\Components\Source Files">
      <UniqueIdentifier>{0d3eb664-af15-498e-9e00-23d67b9c271e}</UniqueIdentifier>
    </Filter>
    <Filter Include="Entity\Components\Header Files">
      <UniqueIdentifier>{40d43982-4d6f-4a4a-b427-ce5753f432e3}</UniqueIdentifier>
    </Filter>
    <Filter Include="Maps\Managers">
      <UniqueIdentifier>{5f29a869-ef9d-45ec-96f6-c32ccc0754fb}</UniqueIdentifier>
    </Filter>
    <Filter Include="Maps\Header Files">
      <UniqueIdentifier>{320db237-96cd-4066-90fc-d696d208ff57}</UniqueIdentifier>
    </Filter>
    <Filter Include="Maps\Managers\Source Files">
      <UniqueIdentifier>{cfb5c5d5-81bb-407f-88db-83002e5eb2c8}</UniqueIdentifier>
    </Filter>
    <Filter Include="Maps\Managers\Header Files">
      <UniqueIdentifier>{7de8ab9b-481b-4694-a463-53c4f2a7c5ce}</UniqueIdentifier>
    </Filter>
    <Filter Include="Source Files">
      <UniqueIdentifier>{a58979d1-8f3d-4661-9b13-fc66d5a2e82c}</UniqueIdentifier>
    </Filter>
    <Filter Include="Header Files">
      <UniqueIdentifier>{9a68b189-ac40-4452-ba8c-91831b00fb7b}</UniqueIdentifier>
    </Filter>
  </ItemGroup>
  <ItemGroup>
    <ClCompile Include="..\..\Src\Logic\Maps\ComponentFactory.cpp">
      <Filter>Maps\Source Files</Filter>
    </ClCompile>
    <ClCompile Include="..\..\Src\Logic\Maps\EntityFactory.cpp">
      <Filter>Maps\Source Files</Filter>
    </ClCompile>
    <ClCompile Include="..\..\Src\Logic\Maps\EntityID.cpp">
      <Filter>Maps\Source Files</Filter>
    </ClCompile>
    <ClCompile Include="..\..\Src\Logic\Maps\Map.cpp">
      <Filter>Maps\Source Files</Filter>
    </ClCompile>
    <ClCompile Include="..\..\Src\Logic\Entity\Component.cpp">
      <Filter>Entity\Source Files</Filter>
    </ClCompile>
    <ClCompile Include="..\..\Src\Logic\Entity\Entity.cpp">
      <Filter>Entity\Source Files</Filter>
    </ClCompile>
    <ClCompile Include="..\..\Src\Logic\Entity\Components\AnimatedGraphics.cpp">
      <Filter>Entity\Components\Source Files</Filter>
    </ClCompile>
    <ClCompile Include="..\..\Src\Logic\Entity\Components\SwitchTrigger.cpp">
      <Filter>Entity\Components\Source Files</Filter>
    </ClCompile>
    <ClCompile Include="..\..\Src\Logic\Entity\Components\AvatarController.cpp">
      <Filter>Entity\Components\Source Files</Filter>
    </ClCompile>
    <ClCompile Include="..\..\Src\Logic\Entity\Components\Camera.cpp">
      <Filter>Entity\Components\Source Files</Filter>
    </ClCompile>
    <ClCompile Include="..\..\Src\Logic\Entity\Components\DamageTrigger.cpp">
      <Filter>Entity\Components\Source Files</Filter>
    </ClCompile>
    <ClCompile Include="..\..\Src\Logic\Entity\Components\Graphics.cpp">
      <Filter>Entity\Components\Source Files</Filter>
    </ClCompile>
    <ClCompile Include="..\..\Src\Logic\Entity\Components\Life.cpp">
      <Filter>Entity\Components\Source Files</Filter>
    </ClCompile>
    <ClCompile Include="..\..\Src\Logic\Entity\Components\PhysicEntity.cpp">
      <Filter>Entity\Components\Source Files</Filter>
    </ClCompile>
    <ClCompile Include="..\..\Src\Logic\Entity\Components\SwitchPosition.cpp">
      <Filter>Entity\Components\Source Files</Filter>
    </ClCompile>
    <ClCompile Include="..\..\Src\Logic\Entity\Components\RayPerception.cpp">
      <Filter>Entity\Components\Source Files</Filter>
    </ClCompile>
    <ClCompile Include="..\..\Src\Logic\Entity\Components\PhysicController.cpp">
      <Filter>Entity\Components\Source Files</Filter>
    </ClCompile>
    <ClCompile Include="..\..\Src\Logic\Maps\Managers\TileManager.cpp">
      <Filter>Maps\Managers\Source Files</Filter>
    </ClCompile>
    <ClCompile Include="..\..\Src\Logic\Maps\Managers\EmptyManagerTemplate.cpp">
      <Filter>Maps\Managers\Source Files</Filter>
    </ClCompile>
    <ClCompile Include="..\..\Src\Logic\Entity\Components\EmptyComponentTemplate.cpp">
      <Filter>Maps\Source Files</Filter>
    </ClCompile>
    <ClCompile Include="..\..\Src\Logic\Server.cpp">
      <Filter>Source Files</Filter>
    </ClCompile>
    <ClCompile Include="..\..\Src\Logic\Entity\Components\Placeable.cpp">
      <Filter>Source Files</Filter>
    </ClCompile>
    <ClCompile Include="..\..\Src\Logic\Entity\Components\Tile.cpp">
      <Filter>Source Files</Filter>
    </ClCompile>
    <ClCompile Include="..\..\Src\Logic\TimeManager.cpp">
      <Filter>Source Files</Filter>
    </ClCompile>
    <ClCompile Include="..\..\Src\Logic\ResourcesManager.cpp">
      <Filter>Source Files</Filter>
    </ClCompile>
    <ClCompile Include="..\..\Src\Logic\HFManager.cpp">
      <Filter>Source Files</Filter>
    </ClCompile>
    <ClCompile Include="..\..\Src\Logic\Entity\Components\CameraController.cpp">
      <Filter>Entity\Components\Source Files</Filter>
    </ClCompile>
    <ClCompile Include="..\..\Src\Logic\Entity\Components\Soul.cpp">
      <Filter>Entity\Components\Source Files</Filter>
    </ClCompile>
    <ClCompile Include="..\..\Src\Logic\Entity\Components\PathFollower.cpp">
      <Filter>Entity\Components\Source Files</Filter>
    </ClCompile>
    <ClCompile Include="..\..\Src\Logic\Entity\Components\HellQuarters.cpp">
      <Filter>Entity\Components\Source Files</Filter>
    </ClCompile>
    <ClCompile Include="..\..\Src\Logic\Entity\Components\WorkBuilding.cpp">
      <Filter>Entity\Components\Source Files</Filter>
    </ClCompile>
    <ClCompile Include="..\..\Src\Logic\BuildingManager.cpp">
      <Filter>Source Files</Filter>
    </ClCompile>
    <ClCompile Include="..\..\Src\Logic\Entity\Components\SoulSender.cpp" />
  </ItemGroup>
  <ItemGroup>
    <ClInclude Include="..\..\Src\Logic\Maps\ComponentFactory.h">
      <Filter>Maps\Header Files</Filter>
    </ClInclude>
    <ClInclude Include="..\..\Src\Logic\Maps\Documentation.h">
      <Filter>Maps\Header Files</Filter>
    </ClInclude>
    <ClInclude Include="..\..\Src\Logic\Maps\EntityFactory.h">
      <Filter>Maps\Header Files</Filter>
    </ClInclude>
    <ClInclude Include="..\..\Src\Logic\Maps\EntityID.h">
      <Filter>Maps\Header Files</Filter>
    </ClInclude>
    <ClInclude Include="..\..\Src\Logic\Maps\Map.h">
      <Filter>Maps\Header Files</Filter>
    </ClInclude>
    <ClInclude Include="..\..\Src\Logic\Entity\Component.h">
      <Filter>Entity\Header Files</Filter>
    </ClInclude>
    <ClInclude Include="..\..\Src\Logic\Entity\Documentation.h">
      <Filter>Entity\Header Files</Filter>
    </ClInclude>
    <ClInclude Include="..\..\Src\Logic\Entity\Entity.h">
      <Filter>Entity\Header Files</Filter>
    </ClInclude>
    <ClInclude Include="..\..\Src\Logic\Entity\Message.h">
      <Filter>Entity\Header Files</Filter>
    </ClInclude>
    <ClInclude Include="..\..\Src\Logic\Entity\Components\AnimatedGraphics.h">
      <Filter>Entity\Components\Header Files</Filter>
    </ClInclude>
    <ClInclude Include="..\..\Src\Logic\Entity\Components\AvatarController.h">
      <Filter>Entity\Components\Header Files</Filter>
    </ClInclude>
    <ClInclude Include="..\..\Src\Logic\Entity\Components\Camera.h">
      <Filter>Entity\Components\Header Files</Filter>
    </ClInclude>
    <ClInclude Include="..\..\Src\Logic\Entity\Components\Graphics.h">
      <Filter>Entity\Components\Header Files</Filter>
    </ClInclude>
    <ClInclude Include="..\..\Src\Logic\Documentation.h">
      <Filter>Maps\Header Files</Filter>
    </ClInclude>
    <ClInclude Include="..\..\Src\Logic\Entity\Components\DamageTrigger.h">
      <Filter>Entity\Components\Header Files</Filter>
    </ClInclude>
    <ClInclude Include="..\..\Src\Logic\Entity\Components\Life.h">
      <Filter>Entity\Components\Header Files</Filter>
    </ClInclude>
    <ClInclude Include="..\..\Src\Logic\Entity\Components\PhysicEntity.h">
      <Filter>Entity\Components\Header Files</Filter>
    </ClInclude>
    <ClInclude Include="..\..\Src\Logic\Entity\Components\SwitchPosition.h">
      <Filter>Entity\Components\Header Files</Filter>
    </ClInclude>
    <ClInclude Include="..\..\Src\Logic\Entity\Components\SwitchTrigger.h">
      <Filter>Entity\Components\Header Files</Filter>
    </ClInclude>
    <ClInclude Include="..\..\Src\Logic\Entity\Components\RayPerception.h">
      <Filter>Entity\Components\Header Files</Filter>
    </ClInclude>
    <ClInclude Include="..\..\Src\Logic\Entity\Components\PhysicController.h">
      <Filter>Entity\Components\Header Files</Filter>
    </ClInclude>
    <ClInclude Include="..\..\Src\Logic\Entity\Components\Physics.h">
      <Filter>Entity\Components\Header Files</Filter>
    </ClInclude>
    <ClInclude Include="..\..\Src\Logic\Entity\Components\Tile.h">
      <Filter>Entity\Header Files</Filter>
    </ClInclude>
    <ClInclude Include="..\..\Src\Logic\Entity\Components\EmptyComponentTemplate.h">
      <Filter>Entity\Header Files</Filter>
    </ClInclude>
    <ClInclude Include="..\..\Src\Logic\Entity\Components\Placeable.h">
      <Filter>Entity\Header Files</Filter>
    </ClInclude>
    <ClInclude Include="..\..\Src\Logic\Maps\Managers\TileManager.h">
      <Filter>Maps\Managers\Header Files</Filter>
    </ClInclude>
    <ClInclude Include="..\..\Src\Logic\Maps\Managers\EmptyManagerTemplate.h">
      <Filter>Maps\Managers\Header Files</Filter>
    </ClInclude>
    <ClInclude Include="..\..\Src\Logic\Server.h">
      <Filter>Header Files</Filter>
    </ClInclude>
    <ClInclude Include="..\..\Src\Logic\TimeManager.h">
      <Filter>Header Files</Filter>
    </ClInclude>
    <ClInclude Include="..\..\Src\Logic\ResourcesManager.h">
      <Filter>Header Files</Filter>
    </ClInclude>
    <ClInclude Include="..\..\Src\Logic\Entity\PlaceableType.h">
      <Filter>Entity\Header Files</Filter>
    </ClInclude>
    <ClInclude Include="..\..\Src\Logic\Entity\TerrainType.h">
      <Filter>Entity\Header Files</Filter>
    </ClInclude>
    <ClInclude Include="..\..\Src\Logic\HFManager.h">
      <Filter>Header Files</Filter>
    </ClInclude>
    <ClInclude Include="..\..\Src\Logic\Entity\Components\CameraController.h">
      <Filter>Entity\Components\Header Files</Filter>
    </ClInclude>
    <ClInclude Include="..\..\Src\Logic\Entity\Components\Soul.h">
      <Filter>Entity\Components\Header Files</Filter>
    </ClInclude>
    <ClInclude Include="..\..\Src\Logic\Entity\Components\PathFollower.h">
      <Filter>Entity\Components\Header Files</Filter>
    </ClInclude>
    <ClInclude Include="..\..\Src\Logic\Entity\Components\HellQuarters.h">
      <Filter>Entity\Components\Header Files</Filter>
    </ClInclude>
    <ClInclude Include="..\..\Src\Logic\Entity\Components\WorkBuilding.h">
      <Filter>Entity\Components\Header Files</Filter>
    </ClInclude>
    <ClInclude Include="..\..\Src\Logic\BuildingManager.h">
      <Filter>Header Files</Filter>
    </ClInclude>
    <ClInclude Include="..\..\Src\Logic\Entity\Components\SoulSender.h">
      <Filter>Entity\Header Files</Filter>
    </ClInclude>
  </ItemGroup>
</Project>