<?xml version="1.0" encoding="utf-8"?>
<Project ToolsVersion="4.0" xmlns="http://schemas.microsoft.com/developer/msbuild/2003">
  <ItemGroup>
    <Filter Include="Source Files">
      <UniqueIdentifier>{4FC737F1-C7A5-4376-A066-2A32D752A2FF}</UniqueIdentifier>
      <Extensions>cpp;c;cc;cxx;def;odl;idl;hpj;bat;asm;asmx</Extensions>
    </Filter>
    <Filter Include="Header Files">
      <UniqueIdentifier>{93995380-89BD-4b04-88EB-625FBE52EBFB}</UniqueIdentifier>
      <Extensions>h;hpp;hxx;hm;inl;inc;xsd</Extensions>
    </Filter>
    <Filter Include="Resource Files">
      <UniqueIdentifier>{67DA6AB6-F800-4c08-8B7A-83BB121AAD01}</UniqueIdentifier>
      <Extensions>rc;ico;cur;bmp;dlg;rc2;rct;bin;rgs;gif;jpg;jpeg;jpe;resx;tiff;tif;png;wav</Extensions>
    </Filter>
    <Filter Include="Perception">
      <UniqueIdentifier>{f3679d6f-3bd2-4527-ae80-3b6ce55c184d}</UniqueIdentifier>
    </Filter>
    <Filter Include="Perception\Header Files">
      <UniqueIdentifier>{93995380-89BD-4b04-88EB-625FBE52EBFB}</UniqueIdentifier>
      <Extensions>h;hpp;hxx;hm;inl;inc;xsd</Extensions>
    </Filter>
    <Filter Include="Perception\Source Files">
      <UniqueIdentifier>{4FC737F1-C7A5-4376-A066-2A32D752A2FF}</UniqueIdentifier>
      <Extensions>cpp;c;cc;cxx;def;odl;idl;hpj;bat;asm;asmx</Extensions>
    </Filter>
    <Filter Include="Movement">
      <UniqueIdentifier>{5bcaee1b-5191-41b0-a973-ac901781a779}</UniqueIdentifier>
    </Filter>
    <Filter Include="Movement\Header Files">
      <UniqueIdentifier>{93995380-89BD-4b04-88EB-625FBE52EBFB}</UniqueIdentifier>
      <Extensions>h;hpp;hxx;hm;inl;inc;xsd</Extensions>
    </Filter>
    <Filter Include="Movement\Source Files">
      <UniqueIdentifier>{4FC737F1-C7A5-4376-A066-2A32D752A2FF}</UniqueIdentifier>
      <Extensions>cpp;c;cc;cxx;def;odl;idl;hpj;bat;asm;asmx</Extensions>
    </Filter>
    <Filter Include="Decision">
      <UniqueIdentifier>{472e1875-5b74-42f0-9cc0-d6523616fbef}</UniqueIdentifier>
    </Filter>
    <Filter Include="Decision\Header Files">
      <UniqueIdentifier>{e7858467-45f4-43f1-94b1-04bdc0dc1902}</UniqueIdentifier>
      <Extensions>h;hpp;hxx;hm;inl;inc;xsd</Extensions>
    </Filter>
    <Filter Include="Decision\Source Files">
      <UniqueIdentifier>{06b8f2d6-a483-4bbd-89d3-7ba92a7dd9af}</UniqueIdentifier>
      <Extensions>cpp;c;cc;cxx;def;odl;idl;hpj;bat;asm;asmx</Extensions>
    </Filter>
    <Filter Include="Souls">
      <UniqueIdentifier>{5acfc0f3-88d6-4664-8076-92d3b1dc110a}</UniqueIdentifier>
    </Filter>
    <Filter Include="Souls\Source Files">
      <UniqueIdentifier>{c43f258b-9c62-43c3-87d7-7740abe0ff98}</UniqueIdentifier>
      <Extensions>cpp;c;cc;cxx;def;odl;idl;hpj;bat;asm;asmx</Extensions>
    </Filter>
    <Filter Include="Souls\Header Files">
      <UniqueIdentifier>{28856eea-60f1-4c47-bbfc-e53218d10a1b}</UniqueIdentifier>
      <Extensions>h;hpp;hxx;hm;inl;inc;xsd</Extensions>
    </Filter>
  </ItemGroup>
  <ItemGroup>
    <ClCompile Include="..\..\Src\AI\Server.cpp">
      <Filter>Source Files</Filter>
    </ClCompile>
    <ClCompile Include="..\..\Src\AI\UndirectedGraph.cpp">
      <Filter>Source Files</Filter>
    </ClCompile>
    <ClCompile Include="..\..\Src\AI\DisjointSets.cpp">
      <Filter>Movement\Source Files</Filter>
    </ClCompile>
    <ClCompile Include="..\..\Src\AI\DynamicMovement.cpp">
      <Filter>Movement\Source Files</Filter>
    </ClCompile>
    <ClCompile Include="..\..\Src\AI\KinematicMovement.cpp">
      <Filter>Movement\Source Files</Filter>
    </ClCompile>
    <ClCompile Include="..\..\Src\AI\micropather.cpp">
      <Filter>Movement\Source Files</Filter>
    </ClCompile>
    <ClCompile Include="..\..\Src\AI\Movement.cpp">
      <Filter>Movement\Source Files</Filter>
    </ClCompile>
    <ClCompile Include="..\..\Src\AI\WaypointGraph.cpp">
      <Filter>Movement\Source Files</Filter>
    </ClCompile>
    <ClCompile Include="..\..\Src\AI\AStarFunctionsSoulPath.cpp">
      <Filter>Movement\Source Files</Filter>
    </ClCompile>
    <ClCompile Include="..\..\Src\AI\AStarFunctionsWalkingSoul.cpp">
      <Filter>Movement\Source Files</Filter>
    </ClCompile>
    <ClCompile Include="..\..\Src\AI\LAExecuteSM.cpp">
      <Filter>Decision\Source Files</Filter>
    </ClCompile>
    <ClCompile Include="..\..\Src\AI\LatentAction.cpp">
      <Filter>Decision\Source Files</Filter>
    </ClCompile>
    <ClCompile Include="..\..\Src\AI\SimpleLatentActions.cpp">
      <Filter>Decision\Source Files</Filter>
    </ClCompile>
    <ClCompile Include="..\..\Src\AI\LAGetTaskAndTarget.cpp">
      <Filter>Decision\Source Files</Filter>
    </ClCompile>
    <ClCompile Include="..\..\Src\AI\LASendSoul.cpp">
      <Filter>Decision\Source Files</Filter>
    </ClCompile>
    <ClCompile Include="..\..\Src\AI\LAExecuteSoulTask.cpp">
      <Filter>Decision\Source Files</Filter>
    </ClCompile>
    <ClCompile Include="..\..\Src\AI\LADestroyEntity.cpp">
      <Filter>Decision\Source Files</Filter>
    </ClCompile>
    <ClCompile Include="..\..\Src\AI\LAExecuteSoulTask.cpp">
      <Filter>Decision</Filter>
    </ClCompile>
    <ClCompile Include="..\..\Src\AI\LABurnSouls.cpp">
      <Filter>Decision\Source Files</Filter>
    </ClCompile>
    <ClCompile Include="..\..\Src\AI\LAGatherSouls.cpp">
      <Filter>Decision\Source Files</Filter>
    </ClCompile>
    <ClCompile Include="..\..\Src\AI\LAExtractResources.cpp">
      <Filter>Decision\Source Files</Filter>
    </ClCompile>
    <ClCompile Include="..\..\Src\AI\LAEmptyTemplate.cpp">
      <Filter>Decision\Source Files</Filter>
    </ClCompile>
    <ClCompile Include="..\..\Src\AI\LAFindProviders.cpp">
      <Filter>Decision\Source Files</Filter>
    </ClCompile>
    <ClCompile Include="..\..\Src\AI\LAAskAndWaitResources.cpp">
      <Filter>Decision\Source Files</Filter>
    </ClCompile>
    <ClCompile Include="..\..\Src\AI\LATransformResources.cpp">
      <Filter>Decision\Source Files</Filter>
    </ClCompile>
    <ClCompile Include="..\..\Src\AI\LARecountResources.cpp">
      <Filter>Decision\Source Files</Filter>
    </ClCompile>
    <ClCompile Include="..\..\Src\AI\LAAttendResourceBuildingRequest.cpp">
      <Filter>Decision\Source Files</Filter>
    </ClCompile>
    <ClCompile Include="..\..\Src\AI\LAWaitResourceDemand.cpp">
      <Filter>Decision\Source Files</Filter>
    </ClCompile>
    <ClCompile Include="..\..\Src\AI\LAWaitResourceProvide.cpp">
      <Filter>Decision\Source Files</Filter>
    </ClCompile>
    <ClCompile Include="..\..\Src\AI\LAExecuteResourceDemandTasks.cpp">
      <Filter>Decision\Source Files</Filter>
    </ClCompile>
    <ClCompile Include="..\..\Src\AI\LAExecuteResourceProvideTasks.cpp">
      <Filter>Decision\Source Files</Filter>
    </ClCompile>
    <ClCompile Include="..\..\Src\AI\LAPickUpResources.cpp">
      <Filter>Decision\Source Files</Filter>
    </ClCompile>
    <ClCompile Include="..\..\Src\AI\LAReserveFromProviders.cpp">
      <Filter>Decision\Source Files</Filter>
    </ClCompile>
    <ClCompile Include="..\..\Src\AI\LAFollowPath.cpp">
      <Filter>Decision\Source Files</Filter>
    </ClCompile>
    <ClCompile Include="..\..\Src\AI\LAGetWalkingSoulPath.cpp">
      <Filter>Decision\Source Files</Filter>
    </ClCompile>
    <ClCompile Include="..\..\Src\AI\LAStartSoulTask.cpp">
      <Filter>Decision\Source Files</Filter>
    </ClCompile>
    <ClCompile Include="..\..\Src\AI\LAWaitSoulTask.cpp">
      <Filter>Decision\Source Files</Filter>
    </ClCompile>
    <ClCompile Include="..\..\Src\AI\LAGetSoulTaskTarget.cpp">
      <Filter>Decision\Source Files</Filter>
    </ClCompile>
    <ClCompile Include="..\..\Src\AI\LAAttachToGenerator.cpp">
      <Filter>Decision\Source Files</Filter>
    </ClCompile>
    <ClCompile Include="..\..\Src\AI\LAWaitGeneratorDetachment.cpp">
      <Filter>Decision\Source Files</Filter>
    </ClCompile>
    <ClCompile Include="..\..\Src\AI\LAFindGenerator.cpp">
      <Filter>Decision\Source Files</Filter>
    </ClCompile>
    <ClCompile Include="..\..\Src\AI\LACheckNewConsumption.cpp">
      <Filter>Decision\Source Files</Filter>
    </ClCompile>
    <ClCompile Include="..\..\Src\AI\LAFillReserves.cpp">
      <Filter>Decision\Source Files</Filter>
    </ClCompile>
    <ClCompile Include="..\..\Src\AI\LAWaitConsumerChange.cpp">
      <Filter>Decision\Source Files</Filter>
    </ClCompile>
    <ClCompile Include="..\..\Src\AI\LAConsumeResources.cpp">
      <Filter>Decision\Source Files</Filter>
    </ClCompile>
    <ClCompile Include="..\..\Src\AI\LAAcceptConsumptionChanges.cpp">
      <Filter>Decision\Source Files</Filter>
    </ClCompile>
    <ClCompile Include="..\..\Src\AI\LAReserveResourcesToConsume.cpp">
      <Filter>Decision\Source Files</Filter>
    </ClCompile>
    <ClCompile Include="..\..\Src\AI\LAStopConsumingResources.cpp">
      <Filter>Decision\Source Files</Filter>
    </ClCompile>
    <ClCompile Include="..\..\Src\AI\LADetachConsumers.cpp">
      <Filter>Decision\Source Files</Filter>
    </ClCompile>
    <ClCompile Include="..\..\Src\AI\LAAcceptOrRejectNewConsumer.cpp">
      <Filter>Decision\Source Files</Filter>
    </ClCompile>
    <ClCompile Include="..\..\Src\AI\SMResourceBuildingData.cpp">
      <Filter>Decision\Source Files</Filter>
    </ClCompile>
    <ClCompile Include="..\..\Src\AI\LAAskResources.cpp">
      <Filter>Decision\Source Files</Filter>
    </ClCompile>
  </ItemGroup>
  <ItemGroup>
    <ClInclude Include="..\..\Src\AI\DynTriMat.h">
      <Filter>Header Files</Filter>
    </ClInclude>
    <ClInclude Include="..\..\Src\AI\Server.h">
      <Filter>Header Files</Filter>
    </ClInclude>
    <ClInclude Include="..\..\Src\AI\UndirectedGraph.h">
      <Filter>Header Files</Filter>
    </ClInclude>
    <ClInclude Include="..\..\Src\AI\DisjointSets.h">
      <Filter>Movement\Header Files</Filter>
    </ClInclude>
    <ClInclude Include="..\..\Src\AI\DynamicMovement.h">
      <Filter>Movement\Header Files</Filter>
    </ClInclude>
    <ClInclude Include="..\..\Src\AI\KinematicMovement.h">
      <Filter>Movement\Header Files</Filter>
    </ClInclude>
    <ClInclude Include="..\..\Src\AI\micropather.h">
      <Filter>Movement\Header Files</Filter>
    </ClInclude>
    <ClInclude Include="..\..\Src\AI\Movement.h">
      <Filter>Movement\Header Files</Filter>
    </ClInclude>
    <ClInclude Include="..\..\Src\AI\WaypointGraph.h">
      <Filter>Movement\Header Files</Filter>
    </ClInclude>
    <ClInclude Include="..\..\Src\AI\AStarFunctionsSoulPath.h">
      <Filter>Movement\Header Files</Filter>
    </ClInclude>
    <ClInclude Include="..\..\Src\AI\AStarFunctionsWalkingSoul.h">
      <Filter>Movement\Header Files</Filter>
    </ClInclude>
    <ClInclude Include="..\..\Src\AI\SoulTask.h">
      <Filter>Souls\Header Files</Filter>
    </ClInclude>
    <ClInclude Include="..\..\Src\AI\Condition.h">
      <Filter>Decision\Header Files</Filter>
    </ClInclude>
    <ClInclude Include="..\..\Src\AI\StateMachine.h">
      <Filter>Decision\Header Files</Filter>
    </ClInclude>
    <ClInclude Include="..\..\Src\AI\LAExecuteSM.h">
      <Filter>Decision\Header Files</Filter>
    </ClInclude>
    <ClInclude Include="..\..\Src\AI\LatentAction.h">
      <Filter>Decision\Header Files</Filter>
    </ClInclude>
    <ClInclude Include="..\..\Src\AI\SimpleLatentActions.h">
      <Filter>Decision\Header Files</Filter>
    </ClInclude>
    <ClInclude Include="..\..\Src\AI\SMPathFinder.h">
      <Filter>Decision\Header Files</Filter>
    </ClInclude>
    <ClInclude Include="..\..\Src\AI\LAFindingPath.h">
      <Filter>Decision\Header Files</Filter>
    </ClInclude>
    <ClInclude Include="..\..\Src\AI\SMHellQuarters.h">
      <Filter>Decision\Header Files</Filter>
    </ClInclude>
    <ClInclude Include="..\..\Src\AI\LAGetTaskAndTarget.h">
      <Filter>Decision\Header Files</Filter>
    </ClInclude>
    <ClInclude Include="..\..\Src\AI\BurnSoulTask.h">
      <Filter>Souls\Header Files</Filter>
    </ClInclude>
    <ClInclude Include="..\..\Src\AI\WorkSoulTask.h">
      <Filter>Souls\Header Files</Filter>
    </ClInclude>
    <ClInclude Include="..\..\Src\AI\SMSoulSender.h">
      <Filter>Decision\Header Files</Filter>
    </ClInclude>
    <ClInclude Include="..\..\Src\AI\LASendSoul.h">
      <Filter>Decision\Header Files</Filter>
    </ClInclude>
    <ClInclude Include="..\..\Src\AI\SMSoul.h">
      <Filter>Decision\Header Files</Filter>
    </ClInclude>
    <ClInclude Include="..\..\Src\AI\SMSoulData.h">
      <Filter>Decision\Header Files</Filter>
    </ClInclude>
    <ClInclude Include="..\..\Src\AI\LAExecuteSoulTask.h">
      <Filter>Decision\Header Files</Filter>
    </ClInclude>
    <ClInclude Include="..\..\Src\AI\LADestroyEntity.h">
      <Filter>Decision\Header Files</Filter>
    </ClInclude>
    <ClInclude Include="..\..\Src\AI\LAExecuteSoulTask.h">
      <Filter>Decision</Filter>
    </ClInclude>
    <ClInclude Include="..\..\Src\AI\LABurnSouls.h">
      <Filter>Decision\Header Files</Filter>
    </ClInclude>
    <ClInclude Include="..\..\Src\AI\LAGatherSouls.h">
      <Filter>Decision\Header Files</Filter>
    </ClInclude>
    <ClInclude Include="..\..\Src\Logic\Entity\Components\SoulBurner.h">
      <Filter>Decision\Header Files</Filter>
    </ClInclude>
    <ClInclude Include="..\..\Src\AI\SMSoulBurnerData.h">
      <Filter>Decision\Header Files</Filter>
    </ClInclude>
    <ClInclude Include="..\..\Src\AI\SMSoulBurner.h">
      <Filter>Decision\Header Files</Filter>
    </ClInclude>
    <ClInclude Include="..\..\Src\AI\SMResourceExtractor.h">
      <Filter>Decision\Header Files</Filter>
    </ClInclude>
    <ClInclude Include="..\..\Src\AI\SMResourceExtractorData.h">
      <Filter>Decision\Header Files</Filter>
    </ClInclude>
    <ClInclude Include="..\..\Src\AI\LAExtractResources.h">
      <Filter>Decision\Header Files</Filter>
    </ClInclude>
    <ClInclude Include="..\..\Src\AI\LAEmptyTemplate.h">
      <Filter>Decision\Header Files</Filter>
    </ClInclude>
    <ClInclude Include="..\..\Src\AI\SMEmptyTemplateData.h">
      <Filter>Decision\Header Files</Filter>
    </ClInclude>
    <ClInclude Include="..\..\Src\AI\LAFindProviders.h">
      <Filter>Decision\Header Files</Filter>
    </ClInclude>
    <ClInclude Include="..\..\Src\AI\SMResourceTransformer.h">
      <Filter>Decision\Header Files</Filter>
    </ClInclude>
    <ClInclude Include="..\..\Src\AI\SMResourceTransformerData.h">
      <Filter>Decision\Header Files</Filter>
    </ClInclude>
    <ClInclude Include="..\..\Src\AI\LAAskAndWaitResources.h">
      <Filter>Decision\Header Files</Filter>
    </ClInclude>
    <ClInclude Include="..\..\Src\AI\LATransformResources.h">
      <Filter>Decision\Header Files</Filter>
    </ClInclude>
    <ClInclude Include="..\..\Src\AI\LARecountResources.h">
      <Filter>Decision\Header Files</Filter>
    </ClInclude>
    <ClInclude Include="..\..\Src\AI\SMResourceBuildingData.h">
      <Filter>Decision\Header Files</Filter>
    </ClInclude>
    <ClInclude Include="..\..\Src\AI\SMEmptyTemplate.h">
      <Filter>Decision\Header Files</Filter>
    </ClInclude>
    <ClInclude Include="..\..\Src\AI\SMResourceBuilding.h">
      <Filter>Decision\Header Files</Filter>
    </ClInclude>
    <ClInclude Include="..\..\Src\AI\LAAttendResourceBuildingRequest.h">
      <Filter>Decision\Header Files</Filter>
    </ClInclude>
    <ClInclude Include="..\..\Src\AI\SMResourceDemander.h">
      <Filter>Decision\Header Files</Filter>
    </ClInclude>
    <ClInclude Include="..\..\Src\AI\SMResourceDemanderData.h">
      <Filter>Decision\Header Files</Filter>
    </ClInclude>
    <ClInclude Include="..\..\Src\AI\SMResourceProvider.h">
      <Filter>Decision\Header Files</Filter>
    </ClInclude>
    <ClInclude Include="..\..\Src\AI\SMResourceProviderData.h">
      <Filter>Decision\Header Files</Filter>
    </ClInclude>
    <ClInclude Include="..\..\Src\AI\LAWaitResourceDemand.h">
      <Filter>Decision\Header Files</Filter>
    </ClInclude>
    <ClInclude Include="..\..\Src\AI\LAWaitResourceProvide.h">
      <Filter>Decision\Header Files</Filter>
    </ClInclude>
    <ClInclude Include="..\..\Src\AI\LAExecuteResourceDemandTasks.h">
      <Filter>Decision\Header Files</Filter>
    </ClInclude>
    <ClInclude Include="..\..\Src\AI\LAExecuteResourceProvideTasks.h">
      <Filter>Decision\Header Files</Filter>
    </ClInclude>
    <ClInclude Include="..\..\Src\AI\RequestTransportSoulTask.h">
      <Filter>Souls\Header Files</Filter>
    </ClInclude>
    <ClInclude Include="..\..\Src\AI\PerformTransportSoulTask.h">
      <Filter>Souls\Header Files</Filter>
    </ClInclude>
    <ClInclude Include="..\..\Src\AI\LAPickUpResources.h">
      <Filter>Decision\Header Files</Filter>
    </ClInclude>
    <ClInclude Include="..\..\Src\AI\LAReserveFromProviders.h">
      <Filter>Decision\Header Files</Filter>
    </ClInclude>
    <ClInclude Include="..\..\Src\AI\LAFollowPath.h">
      <Filter>Decision\Header Files</Filter>
    </ClInclude>
    <ClInclude Include="..\..\Src\AI\LAGetWalkingSoulPath.h">
      <Filter>Decision\Header Files</Filter>
    </ClInclude>
    <ClInclude Include="..\..\Src\AI\LAStartSoulTask.h">
      <Filter>Decision\Header Files</Filter>
    </ClInclude>
    <ClInclude Include="..\..\Src\AI\LAWaitSoulTask.h">
      <Filter>Decision\Header Files</Filter>
    </ClInclude>
    <ClInclude Include="..\..\Src\AI\LAGetSoulTaskTarget.h">
      <Filter>Decision\Header Files</Filter>
    </ClInclude>
    <ClInclude Include="..\..\Src\AI\SMPowerGeneratorData.h">
      <Filter>Decision\Header Files</Filter>
    </ClInclude>
    <ClInclude Include="..\..\Src\AI\SMPowerConsumer.h">
      <Filter>Decision\Header Files</Filter>
    </ClInclude>
    <ClInclude Include="..\..\Src\AI\SMPowerConsumerData.h">
      <Filter>Decision\Header Files</Filter>
    </ClInclude>
    <ClInclude Include="..\..\Src\AI\SMPowerGenerator.h">
      <Filter>Decision\Header Files</Filter>
    </ClInclude>
    <ClInclude Include="..\..\Src\AI\LAWaitGeneratorDetachment.h">
      <Filter>Decision\Header Files</Filter>
    </ClInclude>
    <ClInclude Include="..\..\Src\AI\LAFindGenerator.h">
      <Filter>Decision\Header Files</Filter>
    </ClInclude>
    <ClInclude Include="..\..\Src\AI\LAAttachToGenerator.h">
      <Filter>Decision\Header Files</Filter>
    </ClInclude>
    <ClInclude Include="..\..\Src\AI\LAWaitConsumerChange.h">
      <Filter>Decision\Header Files</Filter>
    </ClInclude>
    <ClInclude Include="..\..\Src\AI\LAFillReserves.h">
      <Filter>Decision\Header Files</Filter>
    </ClInclude>
    <ClInclude Include="..\..\Src\AI\LACheckNewConsumption.h">
      <Filter>Decision\Header Files</Filter>
    </ClInclude>
    <ClInclude Include="..\..\Src\AI\SMResourceConsumer.h">
      <Filter>Decision\Header Files</Filter>
    </ClInclude>
    <ClInclude Include="..\..\Src\AI\SMResourceConsumerData.h">
      <Filter>Decision\Header Files</Filter>
    </ClInclude>
    <ClInclude Include="..\..\Src\AI\LAConsumeResources.h">
      <Filter>Decision\Header Files</Filter>
    </ClInclude>
    <ClInclude Include="..\..\Src\AI\LAStopConsumingResources.h">
      <Filter>Decision\Header Files</Filter>
    </ClInclude>
    <ClInclude Include="..\..\Src\AI\LAReserveResourcesToConsume.h">
      <Filter>Decision\Header Files</Filter>
    </ClInclude>
    <ClInclude Include="..\..\Src\AI\LAAcceptConsumptionChanges.h">
      <Filter>Decision\Header Files</Filter>
    </ClInclude>
    <ClInclude Include="..\..\Src\AI\LADetachConsumers.h">
      <Filter>Decision\Header Files</Filter>
    </ClInclude>
    <ClInclude Include="..\..\Src\AI\LAAcceptOrRejectNewConsumer.h">
      <Filter>Decision\Header Files</Filter>
    </ClInclude>
    <ClInclude Include="..\..\Src\AI\SMResourceGatherer.h">
      <Filter>Decision\Header Files</Filter>
    </ClInclude>
    <ClInclude Include="..\..\Src\AI\SMResourceGathererData.h">
      <Filter>Decision\Header Files</Filter>
    </ClInclude>
    <ClInclude Include="..\..\Src\AI\LAAskResources.h">
      <Filter>Decision\Header Files</Filter>
    </ClInclude>
  </ItemGroup>
</Project>